// !$*UTF8*$!
{
	archiveVersion = 1;
	classes = {
	};
	objectVersion = 46;
	objects = {

/* Begin PBXBuildFile section */
		D5DF615518725E1400AE326E /* Foundation.framework in Frameworks */ = {isa = PBXBuildFile; fileRef = D5DF615418725E1400AE326E /* Foundation.framework */; };
		D5DF615718725E1400AE326E /* CoreGraphics.framework in Frameworks */ = {isa = PBXBuildFile; fileRef = D5DF615618725E1400AE326E /* CoreGraphics.framework */; };
		D5DF615918725E1400AE326E /* UIKit.framework in Frameworks */ = {isa = PBXBuildFile; fileRef = D5DF615818725E1400AE326E /* UIKit.framework */; };
		D5DF615F18725E1400AE326E /* InfoPlist.strings in Resources */ = {isa = PBXBuildFile; fileRef = D5DF615D18725E1400AE326E /* InfoPlist.strings */; };
		D5DF616118725E1400AE326E /* main.m in Sources */ = {isa = PBXBuildFile; fileRef = D5DF616018725E1400AE326E /* main.m */; };
		D5DF616518725E1400AE326E /* AppDelegate.m in Sources */ = {isa = PBXBuildFile; fileRef = D5DF616418725E1400AE326E /* AppDelegate.m */; };
		D5DF616818725E1400AE326E /* Main.storyboard in Resources */ = {isa = PBXBuildFile; fileRef = D5DF616618725E1400AE326E /* Main.storyboard */; };
		D5DF616B18725E1400AE326E /* ViewController.m in Sources */ = {isa = PBXBuildFile; fileRef = D5DF616A18725E1400AE326E /* ViewController.m */; };
		D5DF616D18725E1400AE326E /* Images.xcassets in Resources */ = {isa = PBXBuildFile; fileRef = D5DF616C18725E1400AE326E /* Images.xcassets */; };
		D5DF617418725E1400AE326E /* XCTest.framework in Frameworks */ = {isa = PBXBuildFile; fileRef = D5DF617318725E1400AE326E /* XCTest.framework */; };
		D5DF617518725E1400AE326E /* Foundation.framework in Frameworks */ = {isa = PBXBuildFile; fileRef = D5DF615418725E1400AE326E /* Foundation.framework */; };
		D5DF617618725E1400AE326E /* UIKit.framework in Frameworks */ = {isa = PBXBuildFile; fileRef = D5DF615818725E1400AE326E /* UIKit.framework */; };
		D5DF617E18725E1400AE326E /* InfoPlist.strings in Resources */ = {isa = PBXBuildFile; fileRef = D5DF617C18725E1400AE326E /* InfoPlist.strings */; };
		D5DF618018725E1400AE326E /* ModalEditorTests.m in Sources */ = {isa = PBXBuildFile; fileRef = D5DF617F18725E1400AE326E /* ModalEditorTests.m */; };
		D5DF618B18725E9200AE326E /* EditorViewController.m in Sources */ = {isa = PBXBuildFile; fileRef = D5DF618A18725E9200AE326E /* EditorViewController.m */; };
/* End PBXBuildFile section */

/* Begin PBXContainerItemProxy section */
		D5DF617718725E1400AE326E /* PBXContainerItemProxy */ = {
			isa = PBXContainerItemProxy;
			containerPortal = D5DF614918725E1400AE326E /* Project object */;
			proxyType = 1;
			remoteGlobalIDString = D5DF615018725E1400AE326E;
			remoteInfo = ModalEditor;
		};
/* End PBXContainerItemProxy section */

/* Begin PBXFileReference section */
		D5DF615118725E1400AE326E /* ModalEditor.app */ = {isa = PBXFileReference; explicitFileType = wrapper.application; includeInIndex = 0; path = ModalEditor.app; sourceTree = BUILT_PRODUCTS_DIR; };
		D5DF615418725E1400AE326E /* Foundation.framework */ = {isa = PBXFileReference; lastKnownFileType = wrapper.framework; name = Foundation.framework; path = System/Library/Frameworks/Foundation.framework; sourceTree = SDKROOT; };
		D5DF615618725E1400AE326E /* CoreGraphics.framework */ = {isa = PBXFileReference; lastKnownFileType = wrapper.framework; name = CoreGraphics.framework; path = System/Library/Frameworks/CoreGraphics.framework; sourceTree = SDKROOT; };
		D5DF615818725E1400AE326E /* UIKit.framework */ = {isa = PBXFileReference; lastKnownFileType = wrapper.framework; name = UIKit.framework; path = System/Library/Frameworks/UIKit.framework; sourceTree = SDKROOT; };
		D5DF615C18725E1400AE326E /* ModalEditor-Info.plist */ = {isa = PBXFileReference; lastKnownFileType = text.plist.xml; path = "ModalEditor-Info.plist"; sourceTree = "<group>"; };
		D5DF615E18725E1400AE326E /* en */ = {isa = PBXFileReference; lastKnownFileType = text.plist.strings; name = en; path = en.lproj/InfoPlist.strings; sourceTree = "<group>"; };
		D5DF616018725E1400AE326E /* main.m */ = {isa = PBXFileReference; lastKnownFileType = sourcecode.c.objc; path = main.m; sourceTree = "<group>"; };
		D5DF616218725E1400AE326E /* ModalEditor-Prefix.pch */ = {isa = PBXFileReference; lastKnownFileType = sourcecode.c.h; path = "ModalEditor-Prefix.pch"; sourceTree = "<group>"; };
		D5DF616318725E1400AE326E /* AppDelegate.h */ = {isa = PBXFileReference; lastKnownFileType = sourcecode.c.h; path = AppDelegate.h; sourceTree = "<group>"; };
		D5DF616418725E1400AE326E /* AppDelegate.m */ = {isa = PBXFileReference; lastKnownFileType = sourcecode.c.objc; path = AppDelegate.m; sourceTree = "<group>"; };
		D5DF616718725E1400AE326E /* Base */ = {isa = PBXFileReference; lastKnownFileType = file.storyboard; name = Base; path = Base.lproj/Main.storyboard; sourceTree = "<group>"; };
		D5DF616918725E1400AE326E /* ViewController.h */ = {isa = PBXFileReference; lastKnownFileType = sourcecode.c.h; path = ViewController.h; sourceTree = "<group>"; };
		D5DF616A18725E1400AE326E /* ViewController.m */ = {isa = PBXFileReference; lastKnownFileType = sourcecode.c.objc; path = ViewController.m; sourceTree = "<group>"; };
		D5DF616C18725E1400AE326E /* Images.xcassets */ = {isa = PBXFileReference; lastKnownFileType = folder.assetcatalog; path = Images.xcassets; sourceTree = "<group>"; };
		D5DF617218725E1400AE326E /* ModalEditorTests.xctest */ = {isa = PBXFileReference; explicitFileType = wrapper.cfbundle; includeInIndex = 0; path = ModalEditorTests.xctest; sourceTree = BUILT_PRODUCTS_DIR; };
		D5DF617318725E1400AE326E /* XCTest.framework */ = {isa = PBXFileReference; lastKnownFileType = wrapper.framework; name = XCTest.framework; path = Library/Frameworks/XCTest.framework; sourceTree = DEVELOPER_DIR; };
		D5DF617B18725E1400AE326E /* ModalEditorTests-Info.plist */ = {isa = PBXFileReference; lastKnownFileType = text.plist.xml; path = "ModalEditorTests-Info.plist"; sourceTree = "<group>"; };
		D5DF617D18725E1400AE326E /* en */ = {isa = PBXFileReference; lastKnownFileType = text.plist.strings; name = en; path = en.lproj/InfoPlist.strings; sourceTree = "<group>"; };
		D5DF617F18725E1400AE326E /* ModalEditorTests.m */ = {isa = PBXFileReference; lastKnownFileType = sourcecode.c.objc; path = ModalEditorTests.m; sourceTree = "<group>"; };
		D5DF618918725E9200AE326E /* EditorViewController.h */ = {isa = PBXFileReference; fileEncoding = 4; lastKnownFileType = sourcecode.c.h; path = EditorViewController.h; sourceTree = "<group>"; };
		D5DF618A18725E9200AE326E /* EditorViewController.m */ = {isa = PBXFileReference; fileEncoding = 4; lastKnownFileType = sourcecode.c.objc; path = EditorViewController.m; sourceTree = "<group>"; };
/* End PBXFileReference section */

/* Begin PBXFrameworksBuildPhase section */
		D5DF614E18725E1400AE326E /* Frameworks */ = {
			isa = PBXFrameworksBuildPhase;
			buildActionMask = 2147483647;
			files = (
				D5DF615718725E1400AE326E /* CoreGraphics.framework in Frameworks */,
				D5DF615918725E1400AE326E /* UIKit.framework in Frameworks */,
				D5DF615518725E1400AE326E /* Foundation.framework in Frameworks */,
			);
			runOnlyForDeploymentPostprocessing = 0;
		};
		D5DF616F18725E1400AE326E /* Frameworks */ = {
			isa = PBXFrameworksBuildPhase;
			buildActionMask = 2147483647;
			files = (
				D5DF617418725E1400AE326E /* XCTest.framework in Frameworks */,
				D5DF617618725E1400AE326E /* UIKit.framework in Frameworks */,
				D5DF617518725E1400AE326E /* Foundation.framework in Frameworks */,
			);
			runOnlyForDeploymentPostprocessing = 0;
		};
/* End PBXFrameworksBuildPhase section */

/* Begin PBXGroup section */
		D5DF614818725E1400AE326E = {
			isa = PBXGroup;
			children = (
				D5DF615A18725E1400AE326E /* ModalEditor */,
				D5DF617918725E1400AE326E /* ModalEditorTests */,
				D5DF615318725E1400AE326E /* Frameworks */,
				D5DF615218725E1400AE326E /* Products */,
			);
			sourceTree = "<group>";
		};
		D5DF615218725E1400AE326E /* Products */ = {
			isa = PBXGroup;
			children = (
				D5DF615118725E1400AE326E /* ModalEditor.app */,
				D5DF617218725E1400AE326E /* ModalEditorTests.xctest */,
			);
			name = Products;
			sourceTree = "<group>";
		};
		D5DF615318725E1400AE326E /* Frameworks */ = {
			isa = PBXGroup;
			children = (
				D5DF615418725E1400AE326E /* Foundation.framework */,
				D5DF615618725E1400AE326E /* CoreGraphics.framework */,
				D5DF615818725E1400AE326E /* UIKit.framework */,
				D5DF617318725E1400AE326E /* XCTest.framework */,
			);
			name = Frameworks;
			sourceTree = "<group>";
		};
		D5DF615A18725E1400AE326E /* ModalEditor */ = {
			isa = PBXGroup;
			children = (
				D5DF618918725E9200AE326E /* EditorViewController.h */,
				D5DF618A18725E9200AE326E /* EditorViewController.m */,
				D5DF616318725E1400AE326E /* AppDelegate.h */,
				D5DF616418725E1400AE326E /* AppDelegate.m */,
				D5DF616618725E1400AE326E /* Main.storyboard */,
				D5DF616918725E1400AE326E /* ViewController.h */,
				D5DF616A18725E1400AE326E /* ViewController.m */,
				D5DF616C18725E1400AE326E /* Images.xcassets */,
				D5DF615B18725E1400AE326E /* Supporting Files */,
			);
			path = ModalEditor;
			sourceTree = "<group>";
		};
		D5DF615B18725E1400AE326E /* Supporting Files */ = {
			isa = PBXGroup;
			children = (
				D5DF615C18725E1400AE326E /* ModalEditor-Info.plist */,
				D5DF615D18725E1400AE326E /* InfoPlist.strings */,
				D5DF616018725E1400AE326E /* main.m */,
				D5DF616218725E1400AE326E /* ModalEditor-Prefix.pch */,
			);
			name = "Supporting Files";
			sourceTree = "<group>";
		};
		D5DF617918725E1400AE326E /* ModalEditorTests */ = {
			isa = PBXGroup;
			children = (
				D5DF617F18725E1400AE326E /* ModalEditorTests.m */,
				D5DF617A18725E1400AE326E /* Supporting Files */,
			);
			path = ModalEditorTests;
			sourceTree = "<group>";
		};
		D5DF617A18725E1400AE326E /* Supporting Files */ = {
			isa = PBXGroup;
			children = (
				D5DF617B18725E1400AE326E /* ModalEditorTests-Info.plist */,
				D5DF617C18725E1400AE326E /* InfoPlist.strings */,
			);
			name = "Supporting Files";
			sourceTree = "<group>";
		};
/* End PBXGroup section */

/* Begin PBXNativeTarget section */
		D5DF615018725E1400AE326E /* ModalEditor */ = {
			isa = PBXNativeTarget;
			buildConfigurationList = D5DF618318725E1400AE326E /* Build configuration list for PBXNativeTarget "ModalEditor" */;
			buildPhases = (
				D5DF614D18725E1400AE326E /* Sources */,
				D5DF614E18725E1400AE326E /* Frameworks */,
				D5DF614F18725E1400AE326E /* Resources */,
			);
			buildRules = (
			);
			dependencies = (
			);
			name = ModalEditor;
			productName = ModalEditor;
			productReference = D5DF615118725E1400AE326E /* ModalEditor.app */;
			productType = "com.apple.product-type.application";
		};
		D5DF617118725E1400AE326E /* ModalEditorTests */ = {
			isa = PBXNativeTarget;
			buildConfigurationList = D5DF618618725E1400AE326E /* Build configuration list for PBXNativeTarget "ModalEditorTests" */;
			buildPhases = (
				D5DF616E18725E1400AE326E /* Sources */,
				D5DF616F18725E1400AE326E /* Frameworks */,
				D5DF617018725E1400AE326E /* Resources */,
			);
			buildRules = (
			);
			dependencies = (
				D5DF617818725E1400AE326E /* PBXTargetDependency */,
			);
			name = ModalEditorTests;
			productName = ModalEditorTests;
			productReference = D5DF617218725E1400AE326E /* ModalEditorTests.xctest */;
			productType = "com.apple.product-type.bundle.unit-test";
		};
/* End PBXNativeTarget section */

/* Begin PBXProject section */
		D5DF614918725E1400AE326E /* Project object */ = {
			isa = PBXProject;
			attributes = {
				LastUpgradeCheck = 0500;
				ORGANIZATIONNAME = "Robert John Zawislak";
				TargetAttributes = {
					D5DF617118725E1400AE326E = {
						TestTargetID = D5DF615018725E1400AE326E;
					};
				};
			};
			buildConfigurationList = D5DF614C18725E1400AE326E /* Build configuration list for PBXProject "ModalEditor" */;
			compatibilityVersion = "Xcode 3.2";
			developmentRegion = English;
			hasScannedForEncodings = 0;
			knownRegions = (
				en,
				Base,
			);
			mainGroup = D5DF614818725E1400AE326E;
			productRefGroup = D5DF615218725E1400AE326E /* Products */;
			projectDirPath = "";
			projectRoot = "";
			targets = (
				D5DF615018725E1400AE326E /* ModalEditor */,
				D5DF617118725E1400AE326E /* ModalEditorTests */,
			);
		};
/* End PBXProject section */

/* Begin PBXResourcesBuildPhase section */
		D5DF614F18725E1400AE326E /* Resources */ = {
			isa = PBXResourcesBuildPhase;
			buildActionMask = 2147483647;
			files = (
				D5DF616D18725E1400AE326E /* Images.xcassets in Resources */,
				D5DF615F18725E1400AE326E /* InfoPlist.strings in Resources */,
				D5DF616818725E1400AE326E /* Main.storyboard in Resources */,
			);
			runOnlyForDeploymentPostprocessing = 0;
		};
		D5DF617018725E1400AE326E /* Resources */ = {
			isa = PBXResourcesBuildPhase;
			buildActionMask = 2147483647;
			files = (
				D5DF617E18725E1400AE326E /* InfoPlist.strings in Resources */,
			);
			runOnlyForDeploymentPostprocessing = 0;
		};
/* End PBXResourcesBuildPhase section */

/* Begin PBXSourcesBuildPhase section */
		D5DF614D18725E1400AE326E /* Sources */ = {
			isa = PBXSourcesBuildPhase;
			buildActionMask = 2147483647;
			files = (
				D5DF616B18725E1400AE326E /* ViewController.m in Sources */,
				D5DF616518725E1400AE326E /* AppDelegate.m in Sources */,
				D5DF616118725E1400AE326E /* main.m in Sources */,
				D5DF618B18725E9200AE326E /* EditorViewController.m in Sources */,
			);
			runOnlyForDeploymentPostprocessing = 0;
		};
		D5DF616E18725E1400AE326E /* Sources */ = {
			isa = PBXSourcesBuildPhase;
			buildActionMask = 2147483647;
			files = (
				D5DF618018725E1400AE326E /* ModalEditorTests.m in Sources */,
			);
			runOnlyForDeploymentPostprocessing = 0;
		};
/* End PBXSourcesBuildPhase section */

/* Begin PBXTargetDependency section */
		D5DF617818725E1400AE326E /* PBXTargetDependency */ = {
			isa = PBXTargetDependency;
			target = D5DF615018725E1400AE326E /* ModalEditor */;
			targetProxy = D5DF617718725E1400AE326E /* PBXContainerItemProxy */;
		};
/* End PBXTargetDependency section */

/* Begin PBXVariantGroup section */
		D5DF615D18725E1400AE326E /* InfoPlist.strings */ = {
			isa = PBXVariantGroup;
			children = (
				D5DF615E18725E1400AE326E /* en */,
			);
			name = InfoPlist.strings;
			sourceTree = "<group>";
		};
		D5DF616618725E1400AE326E /* Main.storyboard */ = {
			isa = PBXVariantGroup;
			children = (
				D5DF616718725E1400AE326E /* Base */,
			);
			name = Main.storyboard;
			sourceTree = "<group>";
		};
		D5DF617C18725E1400AE326E /* InfoPlist.strings */ = {
			isa = PBXVariantGroup;
			children = (
				D5DF617D18725E1400AE326E /* en */,
			);
			name = InfoPlist.strings;
			sourceTree = "<group>";
		};
/* End PBXVariantGroup section */

/* Begin XCBuildConfiguration section */
		D5DF618118725E1400AE326E /* Debug */ = {
			isa = XCBuildConfiguration;
			buildSettings = {
				ALWAYS_SEARCH_USER_PATHS = NO;
				ARCHS = "$(ARCHS_STANDARD_INCLUDING_64_BIT)";
				CLANG_CXX_LANGUAGE_STANDARD = "gnu++0x";
				CLANG_CXX_LIBRARY = "libc++";
				CLANG_ENABLE_MODULES = YES;
				CLANG_ENABLE_OBJC_ARC = YES;
				CLANG_WARN_BOOL_CONVERSION = YES;
				CLANG_WARN_CONSTANT_CONVERSION = YES;
				CLANG_WARN_DIRECT_OBJC_ISA_USAGE = YES_ERROR;
				CLANG_WARN_EMPTY_BODY = YES;
				CLANG_WARN_ENUM_CONVERSION = YES;
				CLANG_WARN_INT_CONVERSION = YES;
				CLANG_WARN_OBJC_ROOT_CLASS = YES_ERROR;
				CLANG_WARN__DUPLICATE_METHOD_MATCH = YES;
				"CODE_SIGN_IDENTITY[sdk=iphoneos*]" = "iPhone Developer";
				COPY_PHASE_STRIP = NO;
				GCC_C_LANGUAGE_STANDARD = gnu99;
				GCC_DYNAMIC_NO_PIC = NO;
				GCC_OPTIMIZATION_LEVEL = 0;
				GCC_PREPROCESSOR_DEFINITIONS = (
					"DEBUG=1",
					"$(inherited)",
				);
				GCC_SYMBOLS_PRIVATE_EXTERN = NO;
				GCC_WARN_64_TO_32_BIT_CONVERSION = YES;
				GCC_WARN_ABOUT_RETURN_TYPE = YES_ERROR;
				GCC_WARN_UNDECLARED_SELECTOR = YES;
				GCC_WARN_UNINITIALIZED_AUTOS = YES;
				GCC_WARN_UNUSED_FUNCTION = YES;
				GCC_WARN_UNUSED_VARIABLE = YES;
				IPHONEOS_DEPLOYMENT_TARGET = 7.0;
				ONLY_ACTIVE_ARCH = YES;
				SDKROOT = iphoneos;
			};
			name = Debug;
		};
		D5DF618218725E1400AE326E /* Release */ = {
			isa = XCBuildConfiguration;
			buildSettings = {
				ALWAYS_SEARCH_USER_PATHS = NO;
				ARCHS = "$(ARCHS_STANDARD_INCLUDING_64_BIT)";
				CLANG_CXX_LANGUAGE_STANDARD = "gnu++0x";
				CLANG_CXX_LIBRARY = "libc++";
				CLANG_ENABLE_MODULES = YES;
				CLANG_ENABLE_OBJC_ARC = YES;
				CLANG_WARN_BOOL_CONVERSION = YES;
				CLANG_WARN_CONSTANT_CONVERSION = YES;
				CLANG_WARN_DIRECT_OBJC_ISA_USAGE = YES_ERROR;
				CLANG_WARN_EMPTY_BODY = YES;
				CLANG_WARN_ENUM_CONVERSION = YES;
				CLANG_WARN_INT_CONVERSION = YES;
				CLANG_WARN_OBJC_ROOT_CLASS = YES_ERROR;
				CLANG_WARN__DUPLICATE_METHOD_MATCH = YES;
				"CODE_SIGN_IDENTITY[sdk=iphoneos*]" = "iPhone Developer";
				COPY_PHASE_STRIP = YES;
				ENABLE_NS_ASSERTIONS = NO;
				GCC_C_LANGUAGE_STANDARD = gnu99;
				GCC_WARN_64_TO_32_BIT_CONVERSION = YES;
				GCC_WARN_ABOUT_RETURN_TYPE = YES_ERROR;
				GCC_WARN_UNDECLARED_SELECTOR = YES;
				GCC_WARN_UNINITIALIZED_AUTOS = YES;
				GCC_WARN_UNUSED_FUNCTION = YES;
				GCC_WARN_UNUSED_VARIABLE = YES;
				IPHONEOS_DEPLOYMENT_TARGET = 7.0;
				SDKROOT = iphoneos;
				VALIDATE_PRODUCT = YES;
			};
			name = Release;
		};
		D5DF618418725E1400AE326E /* Debug */ = {
			isa = XCBuildConfiguration;
			buildSettings = {
				ASSETCATALOG_COMPILER_APPICON_NAME = AppIcon;
				ASSETCATALOG_COMPILER_LAUNCHIMAGE_NAME = LaunchImage;
				GCC_PRECOMPILE_PREFIX_HEADER = YES;
				GCC_PREFIX_HEADER = "ModalEditor/ModalEditor-Prefix.pch";
				INFOPLIST_FILE = "ModalEditor/ModalEditor-Info.plist";
				PRODUCT_NAME = "$(TARGET_NAME)";
				WRAPPER_EXTENSION = app;
			};
			name = Debug;
		};
		D5DF618518725E1400AE326E /* Release */ = {
			isa = XCBuildConfiguration;
			buildSettings = {
				ASSETCATALOG_COMPILER_APPICON_NAME = AppIcon;
				ASSETCATALOG_COMPILER_LAUNCHIMAGE_NAME = LaunchImage;
				GCC_PRECOMPILE_PREFIX_HEADER = YES;
				GCC_PREFIX_HEADER = "ModalEditor/ModalEditor-Prefix.pch";
				INFOPLIST_FILE = "ModalEditor/ModalEditor-Info.plist";
				PRODUCT_NAME = "$(TARGET_NAME)";
				WRAPPER_EXTENSION = app;
			};
			name = Release;
		};
		D5DF618718725E1400AE326E /* Debug */ = {
			isa = XCBuildConfiguration;
			buildSettings = {
				ARCHS = "$(ARCHS_STANDARD_INCLUDING_64_BIT)";
				BUNDLE_LOADER = "$(BUILT_PRODUCTS_DIR)/ModalEditor.app/ModalEditor";
				FRAMEWORK_SEARCH_PATHS = (
					"$(SDKROOT)/Developer/Library/Frameworks",
					"$(inherited)",
					"$(DEVELOPER_FRAMEWORKS_DIR)",
				);
				GCC_PRECOMPILE_PREFIX_HEADER = YES;
				GCC_PREFIX_HEADER = "ModalEditor/ModalEditor-Prefix.pch";
				GCC_PREPROCESSOR_DEFINITIONS = (
					"DEBUG=1",
					"$(inherited)",
				);
				INFOPLIST_FILE = "ModalEditorTests/ModalEditorTests-Info.plist";
				PRODUCT_NAME = "$(TARGET_NAME)";
				TEST_HOST = "$(BUNDLE_LOADER)";
				WRAPPER_EXTENSION = xctest;
			};
			name = Debug;
		};
		D5DF618818725E1400AE326E /* Release */ = {
			isa = XCBuildConfiguration;
			buildSettings = {
				ARCHS = "$(ARCHS_STANDARD_INCLUDING_64_BIT)";
				BUNDLE_LOADER = "$(BUILT_PRODUCTS_DIR)/ModalEditor.app/ModalEditor";
				FRAMEWORK_SEARCH_PATHS = (
					"$(SDKROOT)/Developer/Library/Frameworks",
					"$(inherited)",
					"$(DEVELOPER_FRAMEWORKS_DIR)",
				);
				GCC_PRECOMPILE_PREFIX_HEADER = YES;
				GCC_PREFIX_HEADER = "ModalEditor/ModalEditor-Prefix.pch";
				INFOPLIST_FILE = "ModalEditorTests/ModalEditorTests-Info.plist";
				PRODUCT_NAME = "$(TARGET_NAME)";
				TEST_HOST = "$(BUNDLE_LOADER)";
				WRAPPER_EXTENSION = xctest;
			};
			name = Release;
		};
/* End XCBuildConfiguration section */

/* Begin XCConfigurationList section */
		D5DF614C18725E1400AE326E /* Build configuration list for PBXProject "ModalEditor" */ = {
			isa = XCConfigurationList;
			buildConfigurations = (
				D5DF618118725E1400AE326E /* Debug */,
				D5DF618218725E1400AE326E /* Release */,
			);
			defaultConfigurationIsVisible = 0;
			defaultConfigurationName = Release;
		};
		D5DF618318725E1400AE326E /* Build configuration list for PBXNativeTarget "ModalEditor" */ = {
			isa = XCConfigurationList;
			buildConfigurations = (
				D5DF618418725E1400AE326E /* Debug */,
				D5DF618518725E1400AE326E /* Release */,
			);
			defaultConfigurationIsVisible = 0;
		};
		D5DF618618725E1400AE326E /* Build configuration list for PBXNativeTarget "ModalEditorTests" */ = {
			isa = XCConfigurationList;
			buildConfigurations = (
				D5DF618718725E1400AE326E /* Debug */,
				D5DF618818725E1400AE326E /* Release */,
			);
			defaultConfigurationIsVisible = 0;
		};
/* End XCConfigurationList section */
	};
	rootObject = D5DF614918725E1400AE326E /* Project object */;
}
