// !$*UTF8*$!
{
	archiveVersion = 1;
	classes = {
	};
	objectVersion = 46;
	objects = {

/* Begin PBXBuildFile section */
		27EFEF5C1632475500D22087 /* UIKit.framework in Frameworks */ = {isa = PBXBuildFile; fileRef = 27EFEF5B1632475500D22087 /* UIKit.framework */; };
		27EFEF5E1632475500D22087 /* Foundation.framework in Frameworks */ = {isa = PBXBuildFile; fileRef = 27EFEF5D1632475500D22087 /* Foundation.framework */; };
		27EFEF601632475500D22087 /* CoreGraphics.framework in Frameworks */ = {isa = PBXBuildFile; fileRef = 27EFEF5F1632475500D22087 /* CoreGraphics.framework */; };
		27EFEF661632475500D22087 /* InfoPlist.strings in Resources */ = {isa = PBXBuildFile; fileRef = 27EFEF641632475500D22087 /* InfoPlist.strings */; };
		27EFEF681632475500D22087 /* main.m in Sources */ = {isa = PBXBuildFile; fileRef = 27EFEF671632475500D22087 /* main.m */; };
		27EFEF6C1632475500D22087 /* AppDelegate.m in Sources */ = {isa = PBXBuildFile; fileRef = 27EFEF6B1632475500D22087 /* AppDelegate.m */; };
		27EFEF6E1632475500D22087 /* Default.png in Resources */ = {isa = PBXBuildFile; fileRef = 27EFEF6D1632475500D22087 /* Default.png */; };
		27EFEF701632475500D22087 /* Default@2x.png in Resources */ = {isa = PBXBuildFile; fileRef = 27EFEF6F1632475500D22087 /* Default@2x.png */; };
		27EFEF721632475500D22087 /* Default-568h@2x.png in Resources */ = {isa = PBXBuildFile; fileRef = 27EFEF711632475500D22087 /* Default-568h@2x.png */; };
		27EFEF751632475500D22087 /* MainStoryboard.storyboard in Resources */ = {isa = PBXBuildFile; fileRef = 27EFEF731632475500D22087 /* MainStoryboard.storyboard */; };
		27EFEF781632475500D22087 /* ViewController.m in Sources */ = {isa = PBXBuildFile; fileRef = 27EFEF771632475500D22087 /* ViewController.m */; };
		27EFEF7F163247D000D22087 /* MapKit.framework in Frameworks */ = {isa = PBXBuildFile; fileRef = 27EFEF7E163247D000D22087 /* MapKit.framework */; };
		27EFEF81163247D900D22087 /* CoreLocation.framework in Frameworks */ = {isa = PBXBuildFile; fileRef = 27EFEF80163247D900D22087 /* CoreLocation.framework */; };
		27EFEF84163247E100D22087 /* AddressBook.framework in Frameworks */ = {isa = PBXBuildFile; fileRef = 27EFEF82163247E100D22087 /* AddressBook.framework */; };
		27EFEF85163247E100D22087 /* AddressBookUI.framework in Frameworks */ = {isa = PBXBuildFile; fileRef = 27EFEF83163247E100D22087 /* AddressBookUI.framework */; };
		27EFEF87163247EC00D22087 /* MessageUI.framework in Frameworks */ = {isa = PBXBuildFile; fileRef = 27EFEF86163247EC00D22087 /* MessageUI.framework */; };
		27EFEF89163247F700D22087 /* Social.framework in Frameworks */ = {isa = PBXBuildFile; fileRef = 27EFEF88163247F700D22087 /* Social.framework */; };
/* End PBXBuildFile section */

/* Begin PBXFileReference section */
		27EFEF571632475500D22087 /* BestFriend.app */ = {isa = PBXFileReference; explicitFileType = wrapper.application; includeInIndex = 0; path = BestFriend.app; sourceTree = BUILT_PRODUCTS_DIR; };
		27EFEF5B1632475500D22087 /* UIKit.framework */ = {isa = PBXFileReference; lastKnownFileType = wrapper.framework; name = UIKit.framework; path = System/Library/Frameworks/UIKit.framework; sourceTree = SDKROOT; };
		27EFEF5D1632475500D22087 /* Foundation.framework */ = {isa = PBXFileReference; lastKnownFileType = wrapper.framework; name = Foundation.framework; path = System/Library/Frameworks/Foundation.framework; sourceTree = SDKROOT; };
		27EFEF5F1632475500D22087 /* CoreGraphics.framework */ = {isa = PBXFileReference; lastKnownFileType = wrapper.framework; name = CoreGraphics.framework; path = System/Library/Frameworks/CoreGraphics.framework; sourceTree = SDKROOT; };
		27EFEF631632475500D22087 /* BestFriend-Info.plist */ = {isa = PBXFileReference; lastKnownFileType = text.plist.xml; path = "BestFriend-Info.plist"; sourceTree = "<group>"; };
		27EFEF651632475500D22087 /* en */ = {isa = PBXFileReference; lastKnownFileType = text.plist.strings; name = en; path = en.lproj/InfoPlist.strings; sourceTree = "<group>"; };
		27EFEF671632475500D22087 /* main.m */ = {isa = PBXFileReference; lastKnownFileType = sourcecode.c.objc; path = main.m; sourceTree = "<group>"; };
		27EFEF691632475500D22087 /* BestFriend-Prefix.pch */ = {isa = PBXFileReference; lastKnownFileType = sourcecode.c.h; path = "BestFriend-Prefix.pch"; sourceTree = "<group>"; };
		27EFEF6A1632475500D22087 /* AppDelegate.h */ = {isa = PBXFileReference; lastKnownFileType = sourcecode.c.h; path = AppDelegate.h; sourceTree = "<group>"; };
		27EFEF6B1632475500D22087 /* AppDelegate.m */ = {isa = PBXFileReference; lastKnownFileType = sourcecode.c.objc; path = AppDelegate.m; sourceTree = "<group>"; };
		27EFEF6D1632475500D22087 /* Default.png */ = {isa = PBXFileReference; lastKnownFileType = image.png; path = Default.png; sourceTree = "<group>"; };
		27EFEF6F1632475500D22087 /* Default@2x.png */ = {isa = PBXFileReference; lastKnownFileType = image.png; path = "Default@2x.png"; sourceTree = "<group>"; };
		27EFEF711632475500D22087 /* Default-568h@2x.png */ = {isa = PBXFileReference; lastKnownFileType = image.png; path = "Default-568h@2x.png"; sourceTree = "<group>"; };
		27EFEF741632475500D22087 /* en */ = {isa = PBXFileReference; lastKnownFileType = file.storyboard; name = en; path = en.lproj/MainStoryboard.storyboard; sourceTree = "<group>"; };
		27EFEF761632475500D22087 /* ViewController.h */ = {isa = PBXFileReference; lastKnownFileType = sourcecode.c.h; path = ViewController.h; sourceTree = "<group>"; };
		27EFEF771632475500D22087 /* ViewController.m */ = {isa = PBXFileReference; lastKnownFileType = sourcecode.c.objc; path = ViewController.m; sourceTree = "<group>"; };
		27EFEF7E163247D000D22087 /* MapKit.framework */ = {isa = PBXFileReference; lastKnownFileType = wrapper.framework; name = MapKit.framework; path = System/Library/Frameworks/MapKit.framework; sourceTree = SDKROOT; };
		27EFEF80163247D900D22087 /* CoreLocation.framework */ = {isa = PBXFileReference; lastKnownFileType = wrapper.framework; name = CoreLocation.framework; path = System/Library/Frameworks/CoreLocation.framework; sourceTree = SDKROOT; };
		27EFEF82163247E100D22087 /* AddressBook.framework */ = {isa = PBXFileReference; lastKnownFileType = wrapper.framework; name = AddressBook.framework; path = System/Library/Frameworks/AddressBook.framework; sourceTree = SDKROOT; };
		27EFEF83163247E100D22087 /* AddressBookUI.framework */ = {isa = PBXFileReference; lastKnownFileType = wrapper.framework; name = AddressBookUI.framework; path = System/Library/Frameworks/AddressBookUI.framework; sourceTree = SDKROOT; };
		27EFEF86163247EC00D22087 /* MessageUI.framework */ = {isa = PBXFileReference; lastKnownFileType = wrapper.framework; name = MessageUI.framework; path = System/Library/Frameworks/MessageUI.framework; sourceTree = SDKROOT; };
		27EFEF88163247F700D22087 /* Social.framework */ = {isa = PBXFileReference; lastKnownFileType = wrapper.framework; name = Social.framework; path = System/Library/Frameworks/Social.framework; sourceTree = SDKROOT; };
/* End PBXFileReference section */

/* Begin PBXFrameworksBuildPhase section */
		27EFEF541632475500D22087 /* Frameworks */ = {
			isa = PBXFrameworksBuildPhase;
			buildActionMask = 2147483647;
			files = (
				27EFEF89163247F700D22087 /* Social.framework in Frameworks */,
				27EFEF87163247EC00D22087 /* MessageUI.framework in Frameworks */,
				27EFEF84163247E100D22087 /* AddressBook.framework in Frameworks */,
				27EFEF85163247E100D22087 /* AddressBookUI.framework in Frameworks */,
				27EFEF81163247D900D22087 /* CoreLocation.framework in Frameworks */,
				27EFEF7F163247D000D22087 /* MapKit.framework in Frameworks */,
				27EFEF5C1632475500D22087 /* UIKit.framework in Frameworks */,
				27EFEF5E1632475500D22087 /* Foundation.framework in Frameworks */,
				27EFEF601632475500D22087 /* CoreGraphics.framework in Frameworks */,
			);
			runOnlyForDeploymentPostprocessing = 0;
		};
/* End PBXFrameworksBuildPhase section */

/* Begin PBXGroup section */
		27EFEF4C1632475500D22087 = {
			isa = PBXGroup;
			children = (
				27EFEF611632475500D22087 /* BestFriend */,
				27EFEF5A1632475500D22087 /* Frameworks */,
				27EFEF581632475500D22087 /* Products */,
			);
			sourceTree = "<group>";
		};
		27EFEF581632475500D22087 /* Products */ = {
			isa = PBXGroup;
			children = (
				27EFEF571632475500D22087 /* BestFriend.app */,
			);
			name = Products;
			sourceTree = "<group>";
		};
		27EFEF5A1632475500D22087 /* Frameworks */ = {
			isa = PBXGroup;
			children = (
				27EFEF88163247F700D22087 /* Social.framework */,
				27EFEF86163247EC00D22087 /* MessageUI.framework */,
				27EFEF82163247E100D22087 /* AddressBook.framework */,
				27EFEF83163247E100D22087 /* AddressBookUI.framework */,
				27EFEF80163247D900D22087 /* CoreLocation.framework */,
				27EFEF7E163247D000D22087 /* MapKit.framework */,
				27EFEF5B1632475500D22087 /* UIKit.framework */,
				27EFEF5D1632475500D22087 /* Foundation.framework */,
				27EFEF5F1632475500D22087 /* CoreGraphics.framework */,
			);
			name = Frameworks;
			sourceTree = "<group>";
		};
		27EFEF611632475500D22087 /* BestFriend */ = {
			isa = PBXGroup;
			children = (
				27EFEF6A1632475500D22087 /* AppDelegate.h */,
				27EFEF6B1632475500D22087 /* AppDelegate.m */,
				27EFEF731632475500D22087 /* MainStoryboard.storyboard */,
				27EFEF761632475500D22087 /* ViewController.h */,
				27EFEF771632475500D22087 /* ViewController.m */,
				27EFEF621632475500D22087 /* Supporting Files */,
			);
			path = BestFriend;
			sourceTree = "<group>";
		};
		27EFEF621632475500D22087 /* Supporting Files */ = {
			isa = PBXGroup;
			children = (
				27EFEF631632475500D22087 /* BestFriend-Info.plist */,
				27EFEF641632475500D22087 /* InfoPlist.strings */,
				27EFEF671632475500D22087 /* main.m */,
				27EFEF691632475500D22087 /* BestFriend-Prefix.pch */,
				27EFEF6D1632475500D22087 /* Default.png */,
				27EFEF6F1632475500D22087 /* Default@2x.png */,
				27EFEF711632475500D22087 /* Default-568h@2x.png */,
			);
			name = "Supporting Files";
			sourceTree = "<group>";
		};
/* End PBXGroup section */

/* Begin PBXNativeTarget section */
		27EFEF561632475500D22087 /* BestFriend */ = {
			isa = PBXNativeTarget;
			buildConfigurationList = 27EFEF7B1632475500D22087 /* Build configuration list for PBXNativeTarget "BestFriend" */;
			buildPhases = (
				27EFEF531632475500D22087 /* Sources */,
				27EFEF541632475500D22087 /* Frameworks */,
				27EFEF551632475500D22087 /* Resources */,
			);
			buildRules = (
			);
			dependencies = (
			);
			name = BestFriend;
			productName = BestFriend;
			productReference = 27EFEF571632475500D22087 /* BestFriend.app */;
			productType = "com.apple.product-type.application";
		};
/* End PBXNativeTarget section */

/* Begin PBXProject section */
		27EFEF4E1632475500D22087 /* Project object */ = {
			isa = PBXProject;
			attributes = {
				LastUpgradeCheck = 0450;
				ORGANIZATIONNAME = "John E. Ray";
			};
			buildConfigurationList = 27EFEF511632475500D22087 /* Build configuration list for PBXProject "BestFriend" */;
			compatibilityVersion = "Xcode 3.2";
			developmentRegion = English;
			hasScannedForEncodings = 0;
			knownRegions = (
				en,
			);
			mainGroup = 27EFEF4C1632475500D22087;
			productRefGroup = 27EFEF581632475500D22087 /* Products */;
			projectDirPath = "";
			projectRoot = "";
			targets = (
				27EFEF561632475500D22087 /* BestFriend */,
			);
		};
/* End PBXProject section */

/* Begin PBXResourcesBuildPhase section */
		27EFEF551632475500D22087 /* Resources */ = {
			isa = PBXResourcesBuildPhase;
			buildActionMask = 2147483647;
			files = (
				27EFEF661632475500D22087 /* InfoPlist.strings in Resources */,
				27EFEF6E1632475500D22087 /* Default.png in Resources */,
				27EFEF701632475500D22087 /* Default@2x.png in Resources */,
				27EFEF721632475500D22087 /* Default-568h@2x.png in Resources */,
				27EFEF751632475500D22087 /* MainStoryboard.storyboard in Resources */,
			);
			runOnlyForDeploymentPostprocessing = 0;
		};
/* End PBXResourcesBuildPhase section */

/* Begin PBXSourcesBuildPhase section */
		27EFEF531632475500D22087 /* Sources */ = {
			isa = PBXSourcesBuildPhase;
			buildActionMask = 2147483647;
			files = (
				27EFEF681632475500D22087 /* main.m in Sources */,
				27EFEF6C1632475500D22087 /* AppDelegate.m in Sources */,
				27EFEF781632475500D22087 /* ViewController.m in Sources */,
			);
			runOnlyForDeploymentPostprocessing = 0;
		};
/* End PBXSourcesBuildPhase section */

/* Begin PBXVariantGroup section */
		27EFEF641632475500D22087 /* InfoPlist.strings */ = {
			isa = PBXVariantGroup;
			children = (
				27EFEF651632475500D22087 /* en */,
			);
			name = InfoPlist.strings;
			sourceTree = "<group>";
		};
		27EFEF731632475500D22087 /* MainStoryboard.storyboard */ = {
			isa = PBXVariantGroup;
			children = (
				27EFEF741632475500D22087 /* en */,
			);
			name = MainStoryboard.storyboard;
			sourceTree = "<group>";
		};
/* End PBXVariantGroup section */

/* Begin XCBuildConfiguration section */
		27EFEF791632475500D22087 /* Debug */ = {
			isa = XCBuildConfiguration;
			buildSettings = {
				ALWAYS_SEARCH_USER_PATHS = NO;
				CLANG_CXX_LANGUAGE_STANDARD = "gnu++0x";
				CLANG_CXX_LIBRARY = "libc++";
				CLANG_ENABLE_OBJC_ARC = YES;
				CLANG_WARN_EMPTY_BODY = YES;
				CLANG_WARN__DUPLICATE_METHOD_MATCH = YES;
				"CODE_SIGN_IDENTITY[sdk=iphoneos*]" = "iPhone Developer";
				COPY_PHASE_STRIP = NO;
				GCC_C_LANGUAGE_STANDARD = gnu99;
				GCC_DYNAMIC_NO_PIC = NO;
				GCC_OPTIMIZATION_LEVEL = 0;
				GCC_PREPROCESSOR_DEFINITIONS = (
					"DEBUG=1",
					"$(inherited)",
				);
				GCC_SYMBOLS_PRIVATE_EXTERN = NO;
				GCC_WARN_ABOUT_RETURN_TYPE = YES;
				GCC_WARN_UNINITIALIZED_AUTOS = YES;
				GCC_WARN_UNUSED_VARIABLE = YES;
				IPHONEOS_DEPLOYMENT_TARGET = 6.0;
				ONLY_ACTIVE_ARCH = YES;
				SDKROOT = iphoneos;
			};
			name = Debug;
		};
		27EFEF7A1632475500D22087 /* Release */ = {
			isa = XCBuildConfiguration;
			buildSettings = {
				ALWAYS_SEARCH_USER_PATHS = NO;
				CLANG_CXX_LANGUAGE_STANDARD = "gnu++0x";
				CLANG_CXX_LIBRARY = "libc++";
				CLANG_ENABLE_OBJC_ARC = YES;
				CLANG_WARN_EMPTY_BODY = YES;
				CLANG_WARN__DUPLICATE_METHOD_MATCH = YES;
				"CODE_SIGN_IDENTITY[sdk=iphoneos*]" = "iPhone Developer";
				COPY_PHASE_STRIP = YES;
				GCC_C_LANGUAGE_STANDARD = gnu99;
				GCC_WARN_ABOUT_RETURN_TYPE = YES;
				GCC_WARN_UNINITIALIZED_AUTOS = YES;
				GCC_WARN_UNUSED_VARIABLE = YES;
				IPHONEOS_DEPLOYMENT_TARGET = 6.0;
				OTHER_CFLAGS = "-DNS_BLOCK_ASSERTIONS=1";
				SDKROOT = iphoneos;
				VALIDATE_PRODUCT = YES;
			};
			name = Release;
		};
		27EFEF7C1632475500D22087 /* Debug */ = {
			isa = XCBuildConfiguration;
			buildSettings = {
				GCC_PRECOMPILE_PREFIX_HEADER = YES;
				GCC_PREFIX_HEADER = "BestFriend/BestFriend-Prefix.pch";
				INFOPLIST_FILE = "BestFriend/BestFriend-Info.plist";
				PRODUCT_NAME = "$(TARGET_NAME)";
				WRAPPER_EXTENSION = app;
			};
			name = Debug;
		};
		27EFEF7D1632475500D22087 /* Release */ = {
			isa = XCBuildConfiguration;
			buildSettings = {
				GCC_PRECOMPILE_PREFIX_HEADER = YES;
				GCC_PREFIX_HEADER = "BestFriend/BestFriend-Prefix.pch";
				INFOPLIST_FILE = "BestFriend/BestFriend-Info.plist";
				PRODUCT_NAME = "$(TARGET_NAME)";
				WRAPPER_EXTENSION = app;
			};
			name = Release;
		};
/* End XCBuildConfiguration section */

/* Begin XCConfigurationList section */
		27EFEF511632475500D22087 /* Build configuration list for PBXProject "BestFriend" */ = {
			isa = XCConfigurationList;
			buildConfigurations = (
				27EFEF791632475500D22087 /* Debug */,
				27EFEF7A1632475500D22087 /* Release */,
			);
			defaultConfigurationIsVisible = 0;
			defaultConfigurationName = Release;
		};
		27EFEF7B1632475500D22087 /* Build configuration list for PBXNativeTarget "BestFriend" */ = {
			isa = XCConfigurationList;
			buildConfigurations = (
				27EFEF7C1632475500D22087 /* Debug */,
				27EFEF7D1632475500D22087 /* Release */,
			);
			defaultConfigurationIsVisible = 0;
		};
/* End XCConfigurationList section */
	};
	rootObject = 27EFEF4E1632475500D22087 /* Project object */;
}
