// !$*UTF8*$!
{
	archiveVersion = 1;
	classes = {
	};
	objectVersion = 46;
	objects = {

/* Begin PBXBuildFile section */
		D55FC6861847B35C00BA2360 /* Foundation.framework in Frameworks */ = {isa = PBXBuildFile; fileRef = D55FC6851847B35C00BA2360 /* Foundation.framework */; };
		D55FC6881847B35C00BA2360 /* CoreGraphics.framework in Frameworks */ = {isa = PBXBuildFile; fileRef = D55FC6871847B35C00BA2360 /* CoreGraphics.framework */; };
		D55FC68A1847B35C00BA2360 /* UIKit.framework in Frameworks */ = {isa = PBXBuildFile; fileRef = D55FC6891847B35C00BA2360 /* UIKit.framework */; };
		D55FC6901847B35C00BA2360 /* InfoPlist.strings in Resources */ = {isa = PBXBuildFile; fileRef = D55FC68E1847B35C00BA2360 /* InfoPlist.strings */; };
		D55FC6921847B35C00BA2360 /* main.m in Sources */ = {isa = PBXBuildFile; fileRef = D55FC6911847B35C00BA2360 /* main.m */; };
		D55FC6961847B35C00BA2360 /* AppDelegate.m in Sources */ = {isa = PBXBuildFile; fileRef = D55FC6951847B35C00BA2360 /* AppDelegate.m */; };
		D55FC6981847B35C00BA2360 /* Images.xcassets in Resources */ = {isa = PBXBuildFile; fileRef = D55FC6971847B35C00BA2360 /* Images.xcassets */; };
		D55FC69F1847B35D00BA2360 /* XCTest.framework in Frameworks */ = {isa = PBXBuildFile; fileRef = D55FC69E1847B35C00BA2360 /* XCTest.framework */; };
		D55FC6A01847B35D00BA2360 /* Foundation.framework in Frameworks */ = {isa = PBXBuildFile; fileRef = D55FC6851847B35C00BA2360 /* Foundation.framework */; };
		D55FC6A11847B35D00BA2360 /* UIKit.framework in Frameworks */ = {isa = PBXBuildFile; fileRef = D55FC6891847B35C00BA2360 /* UIKit.framework */; };
		D55FC6A91847B35D00BA2360 /* InfoPlist.strings in Resources */ = {isa = PBXBuildFile; fileRef = D55FC6A71847B35D00BA2360 /* InfoPlist.strings */; };
		D55FC6AB1847B35D00BA2360 /* iDeliverMobileTests.m in Sources */ = {isa = PBXBuildFile; fileRef = D55FC6AA1847B35D00BA2360 /* iDeliverMobileTests.m */; };
		D55FC6B51847BE5100BA2360 /* MainStoryboard.storyboard in Resources */ = {isa = PBXBuildFile; fileRef = D55FC6B41847BE5100BA2360 /* MainStoryboard.storyboard */; };
		D55FC6B71847EE7F00BA2360 /* MapKit.framework in Frameworks */ = {isa = PBXBuildFile; fileRef = D55FC6B61847EE7F00BA2360 /* MapKit.framework */; };
/* End PBXBuildFile section */

/* Begin PBXContainerItemProxy section */
		D55FC6A21847B35D00BA2360 /* PBXContainerItemProxy */ = {
			isa = PBXContainerItemProxy;
			containerPortal = D55FC67A1847B35C00BA2360 /* Project object */;
			proxyType = 1;
			remoteGlobalIDString = D55FC6811847B35C00BA2360;
			remoteInfo = iDeliverMobile;
		};
/* End PBXContainerItemProxy section */

/* Begin PBXFileReference section */
		D55FC6821847B35C00BA2360 /* iDeliverMobile.app */ = {isa = PBXFileReference; explicitFileType = wrapper.application; includeInIndex = 0; path = iDeliverMobile.app; sourceTree = BUILT_PRODUCTS_DIR; };
		D55FC6851847B35C00BA2360 /* Foundation.framework */ = {isa = PBXFileReference; lastKnownFileType = wrapper.framework; name = Foundation.framework; path = System/Library/Frameworks/Foundation.framework; sourceTree = SDKROOT; };
		D55FC6871847B35C00BA2360 /* CoreGraphics.framework */ = {isa = PBXFileReference; lastKnownFileType = wrapper.framework; name = CoreGraphics.framework; path = System/Library/Frameworks/CoreGraphics.framework; sourceTree = SDKROOT; };
		D55FC6891847B35C00BA2360 /* UIKit.framework */ = {isa = PBXFileReference; lastKnownFileType = wrapper.framework; name = UIKit.framework; path = System/Library/Frameworks/UIKit.framework; sourceTree = SDKROOT; };
		D55FC68D1847B35C00BA2360 /* iDeliverMobile-Info.plist */ = {isa = PBXFileReference; lastKnownFileType = text.plist.xml; path = "iDeliverMobile-Info.plist"; sourceTree = "<group>"; };
		D55FC68F1847B35C00BA2360 /* en */ = {isa = PBXFileReference; lastKnownFileType = text.plist.strings; name = en; path = en.lproj/InfoPlist.strings; sourceTree = "<group>"; };
		D55FC6911847B35C00BA2360 /* main.m */ = {isa = PBXFileReference; lastKnownFileType = sourcecode.c.objc; path = main.m; sourceTree = "<group>"; };
		D55FC6931847B35C00BA2360 /* iDeliverMobile-Prefix.pch */ = {isa = PBXFileReference; lastKnownFileType = sourcecode.c.h; path = "iDeliverMobile-Prefix.pch"; sourceTree = "<group>"; };
		D55FC6941847B35C00BA2360 /* AppDelegate.h */ = {isa = PBXFileReference; lastKnownFileType = sourcecode.c.h; path = AppDelegate.h; sourceTree = "<group>"; };
		D55FC6951847B35C00BA2360 /* AppDelegate.m */ = {isa = PBXFileReference; lastKnownFileType = sourcecode.c.objc; path = AppDelegate.m; sourceTree = "<group>"; };
		D55FC6971847B35C00BA2360 /* Images.xcassets */ = {isa = PBXFileReference; lastKnownFileType = folder.assetcatalog; path = Images.xcassets; sourceTree = "<group>"; };
		D55FC69D1847B35C00BA2360 /* iDeliverMobileTests.xctest */ = {isa = PBXFileReference; explicitFileType = wrapper.cfbundle; includeInIndex = 0; path = iDeliverMobileTests.xctest; sourceTree = BUILT_PRODUCTS_DIR; };
		D55FC69E1847B35C00BA2360 /* XCTest.framework */ = {isa = PBXFileReference; lastKnownFileType = wrapper.framework; name = XCTest.framework; path = Library/Frameworks/XCTest.framework; sourceTree = DEVELOPER_DIR; };
		D55FC6A61847B35D00BA2360 /* iDeliverMobileTests-Info.plist */ = {isa = PBXFileReference; lastKnownFileType = text.plist.xml; path = "iDeliverMobileTests-Info.plist"; sourceTree = "<group>"; };
		D55FC6A81847B35D00BA2360 /* en */ = {isa = PBXFileReference; lastKnownFileType = text.plist.strings; name = en; path = en.lproj/InfoPlist.strings; sourceTree = "<group>"; };
		D55FC6AA1847B35D00BA2360 /* iDeliverMobileTests.m */ = {isa = PBXFileReference; lastKnownFileType = sourcecode.c.objc; path = iDeliverMobileTests.m; sourceTree = "<group>"; };
		D55FC6B41847BE5100BA2360 /* MainStoryboard.storyboard */ = {isa = PBXFileReference; fileEncoding = 4; lastKnownFileType = file.storyboard; path = MainStoryboard.storyboard; sourceTree = "<group>"; };
		D55FC6B61847EE7F00BA2360 /* MapKit.framework */ = {isa = PBXFileReference; lastKnownFileType = wrapper.framework; name = MapKit.framework; path = System/Library/Frameworks/MapKit.framework; sourceTree = SDKROOT; };
/* End PBXFileReference section */

/* Begin PBXFrameworksBuildPhase section */
		D55FC67F1847B35C00BA2360 /* Frameworks */ = {
			isa = PBXFrameworksBuildPhase;
			buildActionMask = 2147483647;
			files = (
				D55FC6B71847EE7F00BA2360 /* MapKit.framework in Frameworks */,
				D55FC6881847B35C00BA2360 /* CoreGraphics.framework in Frameworks */,
				D55FC68A1847B35C00BA2360 /* UIKit.framework in Frameworks */,
				D55FC6861847B35C00BA2360 /* Foundation.framework in Frameworks */,
			);
			runOnlyForDeploymentPostprocessing = 0;
		};
		D55FC69A1847B35C00BA2360 /* Frameworks */ = {
			isa = PBXFrameworksBuildPhase;
			buildActionMask = 2147483647;
			files = (
				D55FC69F1847B35D00BA2360 /* XCTest.framework in Frameworks */,
				D55FC6A11847B35D00BA2360 /* UIKit.framework in Frameworks */,
				D55FC6A01847B35D00BA2360 /* Foundation.framework in Frameworks */,
			);
			runOnlyForDeploymentPostprocessing = 0;
		};
/* End PBXFrameworksBuildPhase section */

/* Begin PBXGroup section */
		D55FC6791847B35C00BA2360 = {
			isa = PBXGroup;
			children = (
				D55FC68B1847B35C00BA2360 /* iDeliverMobile */,
				D55FC6A41847B35D00BA2360 /* iDeliverMobileTests */,
				D55FC6841847B35C00BA2360 /* Frameworks */,
				D55FC6831847B35C00BA2360 /* Products */,
			);
			sourceTree = "<group>";
		};
		D55FC6831847B35C00BA2360 /* Products */ = {
			isa = PBXGroup;
			children = (
				D55FC6821847B35C00BA2360 /* iDeliverMobile.app */,
				D55FC69D1847B35C00BA2360 /* iDeliverMobileTests.xctest */,
			);
			name = Products;
			sourceTree = "<group>";
		};
		D55FC6841847B35C00BA2360 /* Frameworks */ = {
			isa = PBXGroup;
			children = (
				D55FC6B61847EE7F00BA2360 /* MapKit.framework */,
				D55FC6851847B35C00BA2360 /* Foundation.framework */,
				D55FC6871847B35C00BA2360 /* CoreGraphics.framework */,
				D55FC6891847B35C00BA2360 /* UIKit.framework */,
				D55FC69E1847B35C00BA2360 /* XCTest.framework */,
			);
			name = Frameworks;
			sourceTree = "<group>";
		};
		D55FC68B1847B35C00BA2360 /* iDeliverMobile */ = {
			isa = PBXGroup;
			children = (
				D55FC6941847B35C00BA2360 /* AppDelegate.h */,
				D55FC6951847B35C00BA2360 /* AppDelegate.m */,
				D55FC6971847B35C00BA2360 /* Images.xcassets */,
				D55FC68C1847B35C00BA2360 /* Supporting Files */,
				D55FC6B41847BE5100BA2360 /* MainStoryboard.storyboard */,
			);
			path = iDeliverMobile;
			sourceTree = "<group>";
		};
		D55FC68C1847B35C00BA2360 /* Supporting Files */ = {
			isa = PBXGroup;
			children = (
				D55FC68D1847B35C00BA2360 /* iDeliverMobile-Info.plist */,
				D55FC68E1847B35C00BA2360 /* InfoPlist.strings */,
				D55FC6911847B35C00BA2360 /* main.m */,
				D55FC6931847B35C00BA2360 /* iDeliverMobile-Prefix.pch */,
			);
			name = "Supporting Files";
			sourceTree = "<group>";
		};
		D55FC6A41847B35D00BA2360 /* iDeliverMobileTests */ = {
			isa = PBXGroup;
			children = (
				D55FC6AA1847B35D00BA2360 /* iDeliverMobileTests.m */,
				D55FC6A51847B35D00BA2360 /* Supporting Files */,
			);
			path = iDeliverMobileTests;
			sourceTree = "<group>";
		};
		D55FC6A51847B35D00BA2360 /* Supporting Files */ = {
			isa = PBXGroup;
			children = (
				D55FC6A61847B35D00BA2360 /* iDeliverMobileTests-Info.plist */,
				D55FC6A71847B35D00BA2360 /* InfoPlist.strings */,
			);
			name = "Supporting Files";
			sourceTree = "<group>";
		};
/* End PBXGroup section */

/* Begin PBXNativeTarget section */
		D55FC6811847B35C00BA2360 /* iDeliverMobile */ = {
			isa = PBXNativeTarget;
			buildConfigurationList = D55FC6AE1847B35D00BA2360 /* Build configuration list for PBXNativeTarget "iDeliverMobile" */;
			buildPhases = (
				D55FC67E1847B35C00BA2360 /* Sources */,
				D55FC67F1847B35C00BA2360 /* Frameworks */,
				D55FC6801847B35C00BA2360 /* Resources */,
			);
			buildRules = (
			);
			dependencies = (
			);
			name = iDeliverMobile;
			productName = iDeliverMobile;
			productReference = D55FC6821847B35C00BA2360 /* iDeliverMobile.app */;
			productType = "com.apple.product-type.application";
		};
		D55FC69C1847B35C00BA2360 /* iDeliverMobileTests */ = {
			isa = PBXNativeTarget;
			buildConfigurationList = D55FC6B11847B35D00BA2360 /* Build configuration list for PBXNativeTarget "iDeliverMobileTests" */;
			buildPhases = (
				D55FC6991847B35C00BA2360 /* Sources */,
				D55FC69A1847B35C00BA2360 /* Frameworks */,
				D55FC69B1847B35C00BA2360 /* Resources */,
			);
			buildRules = (
			);
			dependencies = (
				D55FC6A31847B35D00BA2360 /* PBXTargetDependency */,
			);
			name = iDeliverMobileTests;
			productName = iDeliverMobileTests;
			productReference = D55FC69D1847B35C00BA2360 /* iDeliverMobileTests.xctest */;
			productType = "com.apple.product-type.bundle.unit-test";
		};
/* End PBXNativeTarget section */

/* Begin PBXProject section */
		D55FC67A1847B35C00BA2360 /* Project object */ = {
			isa = PBXProject;
			attributes = {
				LastUpgradeCheck = 0500;
				ORGANIZATIONNAME = "Robert John Zawislak";
				TargetAttributes = {
					D55FC69C1847B35C00BA2360 = {
						TestTargetID = D55FC6811847B35C00BA2360;
					};
				};
			};
			buildConfigurationList = D55FC67D1847B35C00BA2360 /* Build configuration list for PBXProject "iDeliverMobile" */;
			compatibilityVersion = "Xcode 3.2";
			developmentRegion = English;
			hasScannedForEncodings = 0;
			knownRegions = (
				en,
			);
			mainGroup = D55FC6791847B35C00BA2360;
			productRefGroup = D55FC6831847B35C00BA2360 /* Products */;
			projectDirPath = "";
			projectRoot = "";
			targets = (
				D55FC6811847B35C00BA2360 /* iDeliverMobile */,
				D55FC69C1847B35C00BA2360 /* iDeliverMobileTests */,
			);
		};
/* End PBXProject section */

/* Begin PBXResourcesBuildPhase section */
		D55FC6801847B35C00BA2360 /* Resources */ = {
			isa = PBXResourcesBuildPhase;
			buildActionMask = 2147483647;
			files = (
				D55FC6B51847BE5100BA2360 /* MainStoryboard.storyboard in Resources */,
				D55FC6901847B35C00BA2360 /* InfoPlist.strings in Resources */,
				D55FC6981847B35C00BA2360 /* Images.xcassets in Resources */,
			);
			runOnlyForDeploymentPostprocessing = 0;
		};
		D55FC69B1847B35C00BA2360 /* Resources */ = {
			isa = PBXResourcesBuildPhase;
			buildActionMask = 2147483647;
			files = (
				D55FC6A91847B35D00BA2360 /* InfoPlist.strings in Resources */,
			);
			runOnlyForDeploymentPostprocessing = 0;
		};
/* End PBXResourcesBuildPhase section */

/* Begin PBXSourcesBuildPhase section */
		D55FC67E1847B35C00BA2360 /* Sources */ = {
			isa = PBXSourcesBuildPhase;
			buildActionMask = 2147483647;
			files = (
				D55FC6961847B35C00BA2360 /* AppDelegate.m in Sources */,
				D55FC6921847B35C00BA2360 /* main.m in Sources */,
			);
			runOnlyForDeploymentPostprocessing = 0;
		};
		D55FC6991847B35C00BA2360 /* Sources */ = {
			isa = PBXSourcesBuildPhase;
			buildActionMask = 2147483647;
			files = (
				D55FC6AB1847B35D00BA2360 /* iDeliverMobileTests.m in Sources */,
			);
			runOnlyForDeploymentPostprocessing = 0;
		};
/* End PBXSourcesBuildPhase section */

/* Begin PBXTargetDependency section */
		D55FC6A31847B35D00BA2360 /* PBXTargetDependency */ = {
			isa = PBXTargetDependency;
			target = D55FC6811847B35C00BA2360 /* iDeliverMobile */;
			targetProxy = D55FC6A21847B35D00BA2360 /* PBXContainerItemProxy */;
		};
/* End PBXTargetDependency section */

/* Begin PBXVariantGroup section */
		D55FC68E1847B35C00BA2360 /* InfoPlist.strings */ = {
			isa = PBXVariantGroup;
			children = (
				D55FC68F1847B35C00BA2360 /* en */,
			);
			name = InfoPlist.strings;
			sourceTree = "<group>";
		};
		D55FC6A71847B35D00BA2360 /* InfoPlist.strings */ = {
			isa = PBXVariantGroup;
			children = (
				D55FC6A81847B35D00BA2360 /* en */,
			);
			name = InfoPlist.strings;
			sourceTree = "<group>";
		};
/* End PBXVariantGroup section */

/* Begin XCBuildConfiguration section */
		D55FC6AC1847B35D00BA2360 /* Debug */ = {
			isa = XCBuildConfiguration;
			buildSettings = {
				ALWAYS_SEARCH_USER_PATHS = NO;
				ARCHS = "$(ARCHS_STANDARD_INCLUDING_64_BIT)";
				CLANG_CXX_LANGUAGE_STANDARD = "gnu++0x";
				CLANG_CXX_LIBRARY = "libc++";
				CLANG_ENABLE_MODULES = YES;
				CLANG_ENABLE_OBJC_ARC = YES;
				CLANG_WARN_BOOL_CONVERSION = YES;
				CLANG_WARN_CONSTANT_CONVERSION = YES;
				CLANG_WARN_DIRECT_OBJC_ISA_USAGE = YES_ERROR;
				CLANG_WARN_EMPTY_BODY = YES;
				CLANG_WARN_ENUM_CONVERSION = YES;
				CLANG_WARN_INT_CONVERSION = YES;
				CLANG_WARN_OBJC_ROOT_CLASS = YES_ERROR;
				CLANG_WARN__DUPLICATE_METHOD_MATCH = YES;
				"CODE_SIGN_IDENTITY[sdk=iphoneos*]" = "iPhone Developer";
				COPY_PHASE_STRIP = NO;
				GCC_C_LANGUAGE_STANDARD = gnu99;
				GCC_DYNAMIC_NO_PIC = NO;
				GCC_OPTIMIZATION_LEVEL = 0;
				GCC_PREPROCESSOR_DEFINITIONS = (
					"DEBUG=1",
					"$(inherited)",
				);
				GCC_SYMBOLS_PRIVATE_EXTERN = NO;
				GCC_WARN_64_TO_32_BIT_CONVERSION = YES;
				GCC_WARN_ABOUT_RETURN_TYPE = YES_ERROR;
				GCC_WARN_UNDECLARED_SELECTOR = YES;
				GCC_WARN_UNINITIALIZED_AUTOS = YES;
				GCC_WARN_UNUSED_FUNCTION = YES;
				GCC_WARN_UNUSED_VARIABLE = YES;
				IPHONEOS_DEPLOYMENT_TARGET = 7.0;
				ONLY_ACTIVE_ARCH = YES;
				SDKROOT = iphoneos;
			};
			name = Debug;
		};
		D55FC6AD1847B35D00BA2360 /* Release */ = {
			isa = XCBuildConfiguration;
			buildSettings = {
				ALWAYS_SEARCH_USER_PATHS = NO;
				ARCHS = "$(ARCHS_STANDARD_INCLUDING_64_BIT)";
				CLANG_CXX_LANGUAGE_STANDARD = "gnu++0x";
				CLANG_CXX_LIBRARY = "libc++";
				CLANG_ENABLE_MODULES = YES;
				CLANG_ENABLE_OBJC_ARC = YES;
				CLANG_WARN_BOOL_CONVERSION = YES;
				CLANG_WARN_CONSTANT_CONVERSION = YES;
				CLANG_WARN_DIRECT_OBJC_ISA_USAGE = YES_ERROR;
				CLANG_WARN_EMPTY_BODY = YES;
				CLANG_WARN_ENUM_CONVERSION = YES;
				CLANG_WARN_INT_CONVERSION = YES;
				CLANG_WARN_OBJC_ROOT_CLASS = YES_ERROR;
				CLANG_WARN__DUPLICATE_METHOD_MATCH = YES;
				"CODE_SIGN_IDENTITY[sdk=iphoneos*]" = "iPhone Developer";
				COPY_PHASE_STRIP = YES;
				ENABLE_NS_ASSERTIONS = NO;
				GCC_C_LANGUAGE_STANDARD = gnu99;
				GCC_WARN_64_TO_32_BIT_CONVERSION = YES;
				GCC_WARN_ABOUT_RETURN_TYPE = YES_ERROR;
				GCC_WARN_UNDECLARED_SELECTOR = YES;
				GCC_WARN_UNINITIALIZED_AUTOS = YES;
				GCC_WARN_UNUSED_FUNCTION = YES;
				GCC_WARN_UNUSED_VARIABLE = YES;
				IPHONEOS_DEPLOYMENT_TARGET = 7.0;
				SDKROOT = iphoneos;
				VALIDATE_PRODUCT = YES;
			};
			name = Release;
		};
		D55FC6AF1847B35D00BA2360 /* Debug */ = {
			isa = XCBuildConfiguration;
			buildSettings = {
				ASSETCATALOG_COMPILER_APPICON_NAME = AppIcon;
				ASSETCATALOG_COMPILER_LAUNCHIMAGE_NAME = LaunchImage;
				GCC_PRECOMPILE_PREFIX_HEADER = YES;
				GCC_PREFIX_HEADER = "iDeliverMobile/iDeliverMobile-Prefix.pch";
				INFOPLIST_FILE = "iDeliverMobile/iDeliverMobile-Info.plist";
				PRODUCT_NAME = "$(TARGET_NAME)";
				WRAPPER_EXTENSION = app;
			};
			name = Debug;
		};
		D55FC6B01847B35D00BA2360 /* Release */ = {
			isa = XCBuildConfiguration;
			buildSettings = {
				ASSETCATALOG_COMPILER_APPICON_NAME = AppIcon;
				ASSETCATALOG_COMPILER_LAUNCHIMAGE_NAME = LaunchImage;
				GCC_PRECOMPILE_PREFIX_HEADER = YES;
				GCC_PREFIX_HEADER = "iDeliverMobile/iDeliverMobile-Prefix.pch";
				INFOPLIST_FILE = "iDeliverMobile/iDeliverMobile-Info.plist";
				PRODUCT_NAME = "$(TARGET_NAME)";
				WRAPPER_EXTENSION = app;
			};
			name = Release;
		};
		D55FC6B21847B35D00BA2360 /* Debug */ = {
			isa = XCBuildConfiguration;
			buildSettings = {
				ARCHS = "$(ARCHS_STANDARD_INCLUDING_64_BIT)";
				BUNDLE_LOADER = "$(BUILT_PRODUCTS_DIR)/iDeliverMobile.app/iDeliverMobile";
				FRAMEWORK_SEARCH_PATHS = (
					"$(SDKROOT)/Developer/Library/Frameworks",
					"$(inherited)",
					"$(DEVELOPER_FRAMEWORKS_DIR)",
				);
				GCC_PRECOMPILE_PREFIX_HEADER = YES;
				GCC_PREFIX_HEADER = "iDeliverMobile/iDeliverMobile-Prefix.pch";
				GCC_PREPROCESSOR_DEFINITIONS = (
					"DEBUG=1",
					"$(inherited)",
				);
				INFOPLIST_FILE = "iDeliverMobileTests/iDeliverMobileTests-Info.plist";
				PRODUCT_NAME = "$(TARGET_NAME)";
				TEST_HOST = "$(BUNDLE_LOADER)";
				WRAPPER_EXTENSION = xctest;
			};
			name = Debug;
		};
		D55FC6B31847B35D00BA2360 /* Release */ = {
			isa = XCBuildConfiguration;
			buildSettings = {
				ARCHS = "$(ARCHS_STANDARD_INCLUDING_64_BIT)";
				BUNDLE_LOADER = "$(BUILT_PRODUCTS_DIR)/iDeliverMobile.app/iDeliverMobile";
				FRAMEWORK_SEARCH_PATHS = (
					"$(SDKROOT)/Developer/Library/Frameworks",
					"$(inherited)",
					"$(DEVELOPER_FRAMEWORKS_DIR)",
				);
				GCC_PRECOMPILE_PREFIX_HEADER = YES;
				GCC_PREFIX_HEADER = "iDeliverMobile/iDeliverMobile-Prefix.pch";
				INFOPLIST_FILE = "iDeliverMobileTests/iDeliverMobileTests-Info.plist";
				PRODUCT_NAME = "$(TARGET_NAME)";
				TEST_HOST = "$(BUNDLE_LOADER)";
				WRAPPER_EXTENSION = xctest;
			};
			name = Release;
		};
/* End XCBuildConfiguration section */

/* Begin XCConfigurationList section */
		D55FC67D1847B35C00BA2360 /* Build configuration list for PBXProject "iDeliverMobile" */ = {
			isa = XCConfigurationList;
			buildConfigurations = (
				D55FC6AC1847B35D00BA2360 /* Debug */,
				D55FC6AD1847B35D00BA2360 /* Release */,
			);
			defaultConfigurationIsVisible = 0;
			defaultConfigurationName = Release;
		};
		D55FC6AE1847B35D00BA2360 /* Build configuration list for PBXNativeTarget "iDeliverMobile" */ = {
			isa = XCConfigurationList;
			buildConfigurations = (
				D55FC6AF1847B35D00BA2360 /* Debug */,
				D55FC6B01847B35D00BA2360 /* Release */,
			);
			defaultConfigurationIsVisible = 0;
		};
		D55FC6B11847B35D00BA2360 /* Build configuration list for PBXNativeTarget "iDeliverMobileTests" */ = {
			isa = XCConfigurationList;
			buildConfigurations = (
				D55FC6B21847B35D00BA2360 /* Debug */,
				D55FC6B31847B35D00BA2360 /* Release */,
			);
			defaultConfigurationIsVisible = 0;
		};
/* End XCConfigurationList section */
	};
	rootObject = D55FC67A1847B35C00BA2360 /* Project object */;
}
